# This file is autogenerated, do not edit; changes may be undone by the next 'dep ensure'.


[[projects]]
  branch = "master"
  name = "github.com/PuerkitoBio/goquery"
  packages = ["."]
  revision = "2dc93891ab3bcc1dbc2cbf9bc6376c37f6e6f289"

[[projects]]
  branch = "master"
  name = "github.com/Sirupsen/logrus"
  packages = ["."]
  revision = "89742aefa4b206dcf400792f3bd35b542998eb3b"

[[projects]]
  branch = "master"
  name = "github.com/andybalholm/cascadia"
  packages = ["."]
  revision = "349dd0209470eabd9514242c688c403c0926d266"

[[projects]]
  branch = "master"
  name = "github.com/bogem/id3v2"
  packages = [".","bspool","bwpool","lrpool","rdpool","util"]
  revision = "b9c7712036eaec408b0fc961c88f0be7126d9d44"

[[projects]]
  branch = "master"
  name = "github.com/cheggaaa/pb"
  packages = ["."]
  revision = "f6ccf2184de4dd34495277e38dc19b6e7fbe0ea2"

[[projects]]
  branch = "master"
  name = "github.com/marcmak/calc"
  packages = ["calc"]
  revision = "5bbbfc3b3149741fda5147a18568a62f6cd3fec1"

[[projects]]
  branch = "master"
  name = "github.com/mattn/go-runewidth"
  packages = ["."]
  revision = "97311d9f7767e3d6f422ea06661bc2c7a19e8a5d"

[[projects]]
  branch = "master"
  name = "github.com/michiwend/gomusicbrainz"
  packages = ["."]
  revision = "0cdeb13f9b24d2c714feb7e3c63d595cf7121d7d"

[[projects]]
  branch = "master"
  name = "github.com/mitchellh/go-homedir"
  packages = ["."]
  revision = "b8bc1bf767474819792c23f32d8286a45736f1c6"

[[projects]]
  branch = "master"
  name = "github.com/otium/ytdl"
  packages = ["."]
  revision = "b3fd1d4b4b37b94126ba2d7163c5320c985f6290"

[[projects]]
  branch = "master"
  name = "github.com/pkg/errors"
  packages = ["."]
  revision = "c605e284fe17294bda444b34710735b29d1a9d90"

[[projects]]
  branch = "master"
  name = "github.com/subosito/norma"
  packages = ["."]
  revision = "523a8b2df22122d52ab9f6c7c0ae8aa17bb620eb"

[[projects]]
  branch = "master"
  name = "github.com/tidwall/gjson"
  packages = ["."]
  revision = "0623bd8fbdbf97cc62b98d15108832851a658e59"

[[projects]]
  branch = "master"
  name = "github.com/tidwall/match"
  packages = ["."]
  revision = "173748da739a410c5b0b813b956f89ff94730b4c"

[[projects]]
  branch = "master"
  name = "golang.org/x/crypto"
  packages = ["ssh/terminal"]
  revision = "eb71ad9bd329b5ac0fd0148dd99bd62e8be8e035"

[[projects]]
  branch = "master"
  name = "golang.org/x/net"
  packages = ["html","html/atom"]
  revision = "57efc9c3d9f91fb3277f8da1cff370539c4d3dc5"

[[projects]]
  branch = "master"
  name = "golang.org/x/sys"
  packages = ["unix","windows"]
  revision = "07c182904dbd53199946ba614a412c61d3c548f5"

[solve-meta]
  analyzer-name = "dep"
  analyzer-version = 1
  inputs-digest = "59c521a7acb352f773b38b51d49afb5de1ef96e21adfdb4d06b2778ce3cdbeab"
  solver-name = "gps-cdcl"
  solver-version = 1
